// !$*UTF8*$!
{
	archiveVersion = 1;
	classes = {
	};
	objectVersion = 56;
	objects = {

/* Begin PBXBuildFile section */
		192D581029AEB1FF00A152D2 /* IslandLandscape.swift in Sources */ = {isa = PBXBuildFile; fileRef = 192D580F29AEB1FF00A152D2 /* IslandLandscape.swift */; };
		192D581229AEB2A300A152D2 /* CloudLandscape.swift in Sources */ = {isa = PBXBuildFile; fileRef = 192D581129AEB2A300A152D2 /* CloudLandscape.swift */; };
		192D581429AEB2D900A152D2 /* OceanLandscape.swift in Sources */ = {isa = PBXBuildFile; fileRef = 192D581329AEB2D900A152D2 /* OceanLandscape.swift */; };
		192D581629AEB2F600A152D2 /* PlayerLandscape.swift in Sources */ = {isa = PBXBuildFile; fileRef = 192D581529AEB2F600A152D2 /* PlayerLandscape.swift */; };
		192D581929AEB33300A152D2 /* GameLandscapeScene.swift in Sources */ = {isa = PBXBuildFile; fileRef = 192D581829AEB33300A152D2 /* GameLandscapeScene.swift */; };
		192D581B29AEB3B000A152D2 /* GameLandscapeScene.sks in Resources */ = {isa = PBXBuildFile; fileRef = 192D581A29AEB3B000A152D2 /* GameLandscapeScene.sks */; };
		192D581D29AEB50D00A152D2 /* planeRight.png in Resources */ = {isa = PBXBuildFile; fileRef = 192D581C29AEB50D00A152D2 /* planeRight.png */; };
		192D581F29AEC79200A152D2 /* oceanLandscape.png in Resources */ = {isa = PBXBuildFile; fileRef = 192D581E29AEC79200A152D2 /* oceanLandscape.png */; };
		19C6632D29AE6D29005396EA /* AppDelegate.swift in Sources */ = {isa = PBXBuildFile; fileRef = 19C6632C29AE6D29005396EA /* AppDelegate.swift */; };
		19C6633529AE6D29005396EA /* GameViewController.swift in Sources */ = {isa = PBXBuildFile; fileRef = 19C6633429AE6D29005396EA /* GameViewController.swift */; };
		19C6633829AE6D29005396EA /* Main.storyboard in Resources */ = {isa = PBXBuildFile; fileRef = 19C6633629AE6D29005396EA /* Main.storyboard */; };
		19C6633A29AE6D2A005396EA /* Assets.xcassets in Resources */ = {isa = PBXBuildFile; fileRef = 19C6633929AE6D2A005396EA /* Assets.xcassets */; };
		19C6633D29AE6D2A005396EA /* LaunchScreen.storyboard in Resources */ = {isa = PBXBuildFile; fileRef = 19C6633B29AE6D2A005396EA /* LaunchScreen.storyboard */; };
		19C6636C29AE6D4D005396EA /* ScoreManager.swift in Sources */ = {isa = PBXBuildFile; fileRef = 19C6634429AE6D4D005396EA /* ScoreManager.swift */; };
		19C6636D29AE6D4D005396EA /* CollisionManager.swift in Sources */ = {isa = PBXBuildFile; fileRef = 19C6634529AE6D4D005396EA /* CollisionManager.swift */; };
		19C6636E29AE6D4D005396EA /* EndScene.swift in Sources */ = {isa = PBXBuildFile; fileRef = 19C6634729AE6D4D005396EA /* EndScene.swift */; };
		19C6636F29AE6D4D005396EA /* StartScene.sks in Resources */ = {isa = PBXBuildFile; fileRef = 19C6634829AE6D4D005396EA /* StartScene.sks */; };
		19C6637029AE6D4D005396EA /* GamePortraitScene.sks in Resources */ = {isa = PBXBuildFile; fileRef = 19C6634929AE6D4D005396EA /* GamePortraitScene.sks */; };
		19C6637129AE6D4D005396EA /* GamePortraitScene.swift in Sources */ = {isa = PBXBuildFile; fileRef = 19C6634A29AE6D4D005396EA /* GamePortraitScene.swift */; };
		19C6637229AE6D4D005396EA /* EndScene.sks in Resources */ = {isa = PBXBuildFile; fileRef = 19C6634B29AE6D4D005396EA /* EndScene.sks */; };
		19C6637329AE6D4D005396EA /* StartScene.swift in Sources */ = {isa = PBXBuildFile; fileRef = 19C6634C29AE6D4D005396EA /* StartScene.swift */; };
		19C6637429AE6D4D005396EA /* plane3.png in Resources */ = {isa = PBXBuildFile; fileRef = 19C6634F29AE6D4D005396EA /* plane3.png */; };
		19C6637529AE6D4D005396EA /* plane2.png in Resources */ = {isa = PBXBuildFile; fileRef = 19C6635029AE6D4D005396EA /* plane2.png */; };
		19C6637629AE6D4D005396EA /* plane1.png in Resources */ = {isa = PBXBuildFile; fileRef = 19C6635129AE6D4D005396EA /* plane1.png */; };
		19C6637729AE6D4D005396EA /* backButton.png in Resources */ = {isa = PBXBuildFile; fileRef = 19C6635229AE6D4D005396EA /* backButton.png */; };
		19C6637829AE6D4D005396EA /* plane.png in Resources */ = {isa = PBXBuildFile; fileRef = 19C6635329AE6D4D005396EA /* plane.png */; };
		19C6637929AE6D4D005396EA /* island.png in Resources */ = {isa = PBXBuildFile; fileRef = 19C6635429AE6D4D005396EA /* island.png */; };
		19C6637A29AE6D4D005396EA /* ocean.gif in Resources */ = {isa = PBXBuildFile; fileRef = 19C6635529AE6D4D005396EA /* ocean.gif */; };
		19C6637B29AE6D4D005396EA /* cloud.png in Resources */ = {isa = PBXBuildFile; fileRef = 19C6635629AE6D4D005396EA /* cloud.png */; };
		19C6637C29AE6D4D005396EA /* nextButton.png in Resources */ = {isa = PBXBuildFile; fileRef = 19C6635729AE6D4D005396EA /* nextButton.png */; };
		19C6637D29AE6D4D005396EA /* ocean.png in Resources */ = {isa = PBXBuildFile; fileRef = 19C6635829AE6D4D005396EA /* ocean.png */; };
		19C6637E29AE6D4D005396EA /* startButton.png in Resources */ = {isa = PBXBuildFile; fileRef = 19C6635929AE6D4D005396EA /* startButton.png */; };
		19C6637F29AE6D4D005396EA /* thunder.ogg in Resources */ = {isa = PBXBuildFile; fileRef = 19C6635B29AE6D4D005396EA /* thunder.ogg */; };
		19C6638029AE6D4D005396EA /* yay.ogg in Resources */ = {isa = PBXBuildFile; fileRef = 19C6635C29AE6D4D005396EA /* yay.ogg */; };
		19C6638129AE6D4D005396EA /* engine.ogg in Resources */ = {isa = PBXBuildFile; fileRef = 19C6635D29AE6D4D005396EA /* engine.ogg */; };
		19C6638229AE6D4D005396EA /* engine.mp3 in Resources */ = {isa = PBXBuildFile; fileRef = 19C6635E29AE6D4D005396EA /* engine.mp3 */; };
		19C6638329AE6D4D005396EA /* thunder.mp3 in Resources */ = {isa = PBXBuildFile; fileRef = 19C6635F29AE6D4D005396EA /* thunder.mp3 */; };
		19C6638429AE6D4D005396EA /* yay.mp3 in Resources */ = {isa = PBXBuildFile; fileRef = 19C6636029AE6D4D005396EA /* yay.mp3 */; };
		19C6638529AE6D4D005396EA /* Dock51.ttf in Resources */ = {isa = PBXBuildFile; fileRef = 19C6636229AE6D4D005396EA /* Dock51.ttf */; };
		19C6638629AE6D4D005396EA /* IslandPortrait.swift in Sources */ = {isa = PBXBuildFile; fileRef = 19C6636429AE6D4D005396EA /* IslandPortrait.swift */; };
		19C6638729AE6D4D005396EA /* CloudPortrait.swift in Sources */ = {isa = PBXBuildFile; fileRef = 19C6636529AE6D4D005396EA /* CloudPortrait.swift */; };
		19C6638829AE6D4D005396EA /* OceanPortrait.swift in Sources */ = {isa = PBXBuildFile; fileRef = 19C6636629AE6D4D005396EA /* OceanPortrait.swift */; };
		19C6638929AE6D4D005396EA /* PlayerPortrait.swift in Sources */ = {isa = PBXBuildFile; fileRef = 19C6636729AE6D4D005396EA /* PlayerPortrait.swift */; };
		19C6638A29AE6D4D005396EA /* GameProtocol.swift in Sources */ = {isa = PBXBuildFile; fileRef = 19C6636929AE6D4D005396EA /* GameProtocol.swift */; };
		19C6638B29AE6D4D005396EA /* GameObject.swift in Sources */ = {isa = PBXBuildFile; fileRef = 19C6636A29AE6D4D005396EA /* GameObject.swift */; };
		19C6638C29AE6D4D005396EA /* Layer.swift in Sources */ = {isa = PBXBuildFile; fileRef = 19C6636B29AE6D4D005396EA /* Layer.swift */; };
/* End PBXBuildFile section */

/* Begin PBXFileReference section */
		192D580F29AEB1FF00A152D2 /* IslandLandscape.swift */ = {isa = PBXFileReference; lastKnownFileType = sourcecode.swift; path = IslandLandscape.swift; sourceTree = "<group>"; };
		192D581129AEB2A300A152D2 /* CloudLandscape.swift */ = {isa = PBXFileReference; lastKnownFileType = sourcecode.swift; path = CloudLandscape.swift; sourceTree = "<group>"; };
		192D581329AEB2D900A152D2 /* OceanLandscape.swift */ = {isa = PBXFileReference; lastKnownFileType = sourcecode.swift; path = OceanLandscape.swift; sourceTree = "<group>"; };
		192D581529AEB2F600A152D2 /* PlayerLandscape.swift */ = {isa = PBXFileReference; lastKnownFileType = sourcecode.swift; path = PlayerLandscape.swift; sourceTree = "<group>"; };
		192D581829AEB33300A152D2 /* GameLandscapeScene.swift */ = {isa = PBXFileReference; lastKnownFileType = sourcecode.swift; path = GameLandscapeScene.swift; sourceTree = "<group>"; };
		192D581A29AEB3B000A152D2 /* GameLandscapeScene.sks */ = {isa = PBXFileReference; lastKnownFileType = file.sks; path = GameLandscapeScene.sks; sourceTree = "<group>"; };
		192D581C29AEB50D00A152D2 /* planeRight.png */ = {isa = PBXFileReference; lastKnownFileType = image.png; path = planeRight.png; sourceTree = "<group>"; };
		192D581E29AEC79200A152D2 /* oceanLandscape.png */ = {isa = PBXFileReference; lastKnownFileType = image.png; path = oceanLandscape.png; sourceTree = "<group>"; };
		19C6632929AE6D29005396EA /* MAPD724-W2023-MidTerm-301252385.app */ = {isa = PBXFileReference; explicitFileType = wrapper.application; includeInIndex = 0; path = "MAPD724-W2023-MidTerm-301252385.app"; sourceTree = BUILT_PRODUCTS_DIR; };
		19C6632C29AE6D29005396EA /* AppDelegate.swift */ = {isa = PBXFileReference; lastKnownFileType = sourcecode.swift; path = AppDelegate.swift; sourceTree = "<group>"; };
		19C6633429AE6D29005396EA /* GameViewController.swift */ = {isa = PBXFileReference; lastKnownFileType = sourcecode.swift; path = GameViewController.swift; sourceTree = "<group>"; };
		19C6633729AE6D29005396EA /* Base */ = {isa = PBXFileReference; lastKnownFileType = file.storyboard; name = Base; path = Base.lproj/Main.storyboard; sourceTree = "<group>"; };
		19C6633929AE6D2A005396EA /* Assets.xcassets */ = {isa = PBXFileReference; lastKnownFileType = folder.assetcatalog; path = Assets.xcassets; sourceTree = "<group>"; };
		19C6633C29AE6D2A005396EA /* Base */ = {isa = PBXFileReference; lastKnownFileType = file.storyboard; name = Base; path = Base.lproj/LaunchScreen.storyboard; sourceTree = "<group>"; };
		19C6634429AE6D4D005396EA /* ScoreManager.swift */ = {isa = PBXFileReference; fileEncoding = 4; lastKnownFileType = sourcecode.swift; path = ScoreManager.swift; sourceTree = "<group>"; };
		19C6634529AE6D4D005396EA /* CollisionManager.swift */ = {isa = PBXFileReference; fileEncoding = 4; lastKnownFileType = sourcecode.swift; path = CollisionManager.swift; sourceTree = "<group>"; };
		19C6634729AE6D4D005396EA /* EndScene.swift */ = {isa = PBXFileReference; fileEncoding = 4; lastKnownFileType = sourcecode.swift; path = EndScene.swift; sourceTree = "<group>"; };
		19C6634829AE6D4D005396EA /* StartScene.sks */ = {isa = PBXFileReference; lastKnownFileType = file.sks; path = StartScene.sks; sourceTree = "<group>"; };
		19C6634929AE6D4D005396EA /* GamePortraitScene.sks */ = {isa = PBXFileReference; lastKnownFileType = file.sks; path = GamePortraitScene.sks; sourceTree = "<group>"; };
		19C6634A29AE6D4D005396EA /* GamePortraitScene.swift */ = {isa = PBXFileReference; fileEncoding = 4; lastKnownFileType = sourcecode.swift; path = GamePortraitScene.swift; sourceTree = "<group>"; };
		19C6634B29AE6D4D005396EA /* EndScene.sks */ = {isa = PBXFileReference; lastKnownFileType = file.sks; path = EndScene.sks; sourceTree = "<group>"; };
		19C6634C29AE6D4D005396EA /* StartScene.swift */ = {isa = PBXFileReference; fileEncoding = 4; lastKnownFileType = sourcecode.swift; path = StartScene.swift; sourceTree = "<group>"; };
		19C6634F29AE6D4D005396EA /* plane3.png */ = {isa = PBXFileReference; lastKnownFileType = image.png; path = plane3.png; sourceTree = "<group>"; };
		19C6635029AE6D4D005396EA /* plane2.png */ = {isa = PBXFileReference; lastKnownFileType = image.png; path = plane2.png; sourceTree = "<group>"; };
		19C6635129AE6D4D005396EA /* plane1.png */ = {isa = PBXFileReference; lastKnownFileType = image.png; path = plane1.png; sourceTree = "<group>"; };
		19C6635229AE6D4D005396EA /* backButton.png */ = {isa = PBXFileReference; lastKnownFileType = image.png; path = backButton.png; sourceTree = "<group>"; };
		19C6635329AE6D4D005396EA /* plane.png */ = {isa = PBXFileReference; lastKnownFileType = image.png; path = plane.png; sourceTree = "<group>"; };
		19C6635429AE6D4D005396EA /* island.png */ = {isa = PBXFileReference; lastKnownFileType = image.png; path = island.png; sourceTree = "<group>"; };
		19C6635529AE6D4D005396EA /* ocean.gif */ = {isa = PBXFileReference; lastKnownFileType = image.gif; path = ocean.gif; sourceTree = "<group>"; };
		19C6635629AE6D4D005396EA /* cloud.png */ = {isa = PBXFileReference; lastKnownFileType = image.png; path = cloud.png; sourceTree = "<group>"; };
		19C6635729AE6D4D005396EA /* nextButton.png */ = {isa = PBXFileReference; lastKnownFileType = image.png; path = nextButton.png; sourceTree = "<group>"; };
		19C6635829AE6D4D005396EA /* ocean.png */ = {isa = PBXFileReference; lastKnownFileType = image.png; path = ocean.png; sourceTree = "<group>"; };
		19C6635929AE6D4D005396EA /* startButton.png */ = {isa = PBXFileReference; lastKnownFileType = image.png; path = startButton.png; sourceTree = "<group>"; };
		19C6635B29AE6D4D005396EA /* thunder.ogg */ = {isa = PBXFileReference; lastKnownFileType = file; path = thunder.ogg; sourceTree = "<group>"; };
		19C6635C29AE6D4D005396EA /* yay.ogg */ = {isa = PBXFileReference; lastKnownFileType = file; path = yay.ogg; sourceTree = "<group>"; };
		19C6635D29AE6D4D005396EA /* engine.ogg */ = {isa = PBXFileReference; lastKnownFileType = file; path = engine.ogg; sourceTree = "<group>"; };
		19C6635E29AE6D4D005396EA /* engine.mp3 */ = {isa = PBXFileReference; lastKnownFileType = audio.mp3; path = engine.mp3; sourceTree = "<group>"; };
		19C6635F29AE6D4D005396EA /* thunder.mp3 */ = {isa = PBXFileReference; lastKnownFileType = audio.mp3; path = thunder.mp3; sourceTree = "<group>"; };
		19C6636029AE6D4D005396EA /* yay.mp3 */ = {isa = PBXFileReference; lastKnownFileType = audio.mp3; path = yay.mp3; sourceTree = "<group>"; };
		19C6636229AE6D4D005396EA /* Dock51.ttf */ = {isa = PBXFileReference; lastKnownFileType = file; path = Dock51.ttf; sourceTree = "<group>"; };
		19C6636429AE6D4D005396EA /* IslandPortrait.swift */ = {isa = PBXFileReference; fileEncoding = 4; lastKnownFileType = sourcecode.swift; path = IslandPortrait.swift; sourceTree = "<group>"; };
		19C6636529AE6D4D005396EA /* CloudPortrait.swift */ = {isa = PBXFileReference; fileEncoding = 4; lastKnownFileType = sourcecode.swift; path = CloudPortrait.swift; sourceTree = "<group>"; };
		19C6636629AE6D4D005396EA /* OceanPortrait.swift */ = {isa = PBXFileReference; fileEncoding = 4; lastKnownFileType = sourcecode.swift; path = OceanPortrait.swift; sourceTree = "<group>"; };
		19C6636729AE6D4D005396EA /* PlayerPortrait.swift */ = {isa = PBXFileReference; fileEncoding = 4; lastKnownFileType = sourcecode.swift; path = PlayerPortrait.swift; sourceTree = "<group>"; };
		19C6636929AE6D4D005396EA /* GameProtocol.swift */ = {isa = PBXFileReference; fileEncoding = 4; lastKnownFileType = sourcecode.swift; path = GameProtocol.swift; sourceTree = "<group>"; };
		19C6636A29AE6D4D005396EA /* GameObject.swift */ = {isa = PBXFileReference; fileEncoding = 4; lastKnownFileType = sourcecode.swift; path = GameObject.swift; sourceTree = "<group>"; };
		19C6636B29AE6D4D005396EA /* Layer.swift */ = {isa = PBXFileReference; fileEncoding = 4; lastKnownFileType = sourcecode.swift; path = Layer.swift; sourceTree = "<group>"; };
/* End PBXFileReference section */

/* Begin PBXFrameworksBuildPhase section */
		19C6632629AE6D29005396EA /* Frameworks */ = {
			isa = PBXFrameworksBuildPhase;
			buildActionMask = 2147483647;
			files = (
			);
			runOnlyForDeploymentPostprocessing = 0;
		};
/* End PBXFrameworksBuildPhase section */

/* Begin PBXGroup section */
		192D580C29AE98BE00A152D2 /* Portrait */ = {
			isa = PBXGroup;
			children = (
				19C6636429AE6D4D005396EA /* IslandPortrait.swift */,
				19C6636529AE6D4D005396EA /* CloudPortrait.swift */,
				19C6636629AE6D4D005396EA /* OceanPortrait.swift */,
				19C6636729AE6D4D005396EA /* PlayerPortrait.swift */,
			);
			path = Portrait;
			sourceTree = "<group>";
		};
		192D580D29AE98F500A152D2 /* Portrait */ = {
			isa = PBXGroup;
			children = (
				19C6634929AE6D4D005396EA /* GamePortraitScene.sks */,
				19C6634A29AE6D4D005396EA /* GamePortraitScene.swift */,
			);
			path = Portrait;
			sourceTree = "<group>";
		};
		192D580E29AEAE9D00A152D2 /* Landscape */ = {
			isa = PBXGroup;
			children = (
				192D580F29AEB1FF00A152D2 /* IslandLandscape.swift */,
				192D581129AEB2A300A152D2 /* CloudLandscape.swift */,
				192D581329AEB2D900A152D2 /* OceanLandscape.swift */,
				192D581529AEB2F600A152D2 /* PlayerLandscape.swift */,
			);
			path = Landscape;
			sourceTree = "<group>";
		};
		192D581729AEB30B00A152D2 /* Landscape */ = {
			isa = PBXGroup;
			children = (
				192D581A29AEB3B000A152D2 /* GameLandscapeScene.sks */,
				192D581829AEB33300A152D2 /* GameLandscapeScene.swift */,
			);
			path = Landscape;
			sourceTree = "<group>";
		};
		19C6632029AE6D29005396EA = {
			isa = PBXGroup;
			children = (
				19C6632B29AE6D29005396EA /* MAPD724-W2023-MidTerm-301252385 */,
				19C6632A29AE6D29005396EA /* Products */,
			);
			sourceTree = "<group>";
		};
		19C6632A29AE6D29005396EA /* Products */ = {
			isa = PBXGroup;
			children = (
				19C6632929AE6D29005396EA /* MAPD724-W2023-MidTerm-301252385.app */,
			);
			name = Products;
			sourceTree = "<group>";
		};
		19C6632B29AE6D29005396EA /* MAPD724-W2023-MidTerm-301252385 */ = {
			isa = PBXGroup;
			children = (
				19C6634D29AE6D4D005396EA /* Assets */,
				19C6636829AE6D4D005396EA /* Core */,
				19C6636329AE6D4D005396EA /* GameObjects */,
				19C6634329AE6D4D005396EA /* Managers */,
				19C6634629AE6D4D005396EA /* Scenes */,
				19C6632C29AE6D29005396EA /* AppDelegate.swift */,
				19C6633429AE6D29005396EA /* GameViewController.swift */,
				19C6633629AE6D29005396EA /* Main.storyboard */,
				19C6633929AE6D2A005396EA /* Assets.xcassets */,
				19C6633B29AE6D2A005396EA /* LaunchScreen.storyboard */,
			);
			path = "MAPD724-W2023-MidTerm-301252385";
			sourceTree = "<group>";
		};
		19C6634329AE6D4D005396EA /* Managers */ = {
			isa = PBXGroup;
			children = (
				19C6634429AE6D4D005396EA /* ScoreManager.swift */,
				19C6634529AE6D4D005396EA /* CollisionManager.swift */,
			);
			path = Managers;
			sourceTree = "<group>";
		};
		19C6634629AE6D4D005396EA /* Scenes */ = {
			isa = PBXGroup;
			children = (
				192D581729AEB30B00A152D2 /* Landscape */,
				192D580D29AE98F500A152D2 /* Portrait */,
				19C6634B29AE6D4D005396EA /* EndScene.sks */,
				19C6634729AE6D4D005396EA /* EndScene.swift */,
				19C6634829AE6D4D005396EA /* StartScene.sks */,
				19C6634C29AE6D4D005396EA /* StartScene.swift */,
			);
			path = Scenes;
			sourceTree = "<group>";
		};
		19C6634D29AE6D4D005396EA /* Assets */ = {
			isa = PBXGroup;
			children = (
				19C6634E29AE6D4D005396EA /* images */,
				19C6635A29AE6D4D005396EA /* audio */,
				19C6636129AE6D4D005396EA /* fonts */,
			);
			path = Assets;
			sourceTree = "<group>";
		};
		19C6634E29AE6D4D005396EA /* images */ = {
			isa = PBXGroup;
			children = (
				19C6634F29AE6D4D005396EA /* plane3.png */,
				19C6635029AE6D4D005396EA /* plane2.png */,
				19C6635129AE6D4D005396EA /* plane1.png */,
				192D581C29AEB50D00A152D2 /* planeRight.png */,
				19C6635229AE6D4D005396EA /* backButton.png */,
				19C6635329AE6D4D005396EA /* plane.png */,
				19C6635429AE6D4D005396EA /* island.png */,
				19C6635529AE6D4D005396EA /* ocean.gif */,
				19C6635629AE6D4D005396EA /* cloud.png */,
				192D581E29AEC79200A152D2 /* oceanLandscape.png */,
				19C6635729AE6D4D005396EA /* nextButton.png */,
				19C6635829AE6D4D005396EA /* ocean.png */,
				19C6635929AE6D4D005396EA /* startButton.png */,
			);
			path = images;
			sourceTree = "<group>";
		};
		19C6635A29AE6D4D005396EA /* audio */ = {
			isa = PBXGroup;
			children = (
				19C6635B29AE6D4D005396EA /* thunder.ogg */,
				19C6635C29AE6D4D005396EA /* yay.ogg */,
				19C6635D29AE6D4D005396EA /* engine.ogg */,
				19C6635E29AE6D4D005396EA /* engine.mp3 */,
				19C6635F29AE6D4D005396EA /* thunder.mp3 */,
				19C6636029AE6D4D005396EA /* yay.mp3 */,
			);
			path = audio;
			sourceTree = "<group>";
		};
		19C6636129AE6D4D005396EA /* fonts */ = {
			isa = PBXGroup;
			children = (
				19C6636229AE6D4D005396EA /* Dock51.ttf */,
			);
			path = fonts;
			sourceTree = "<group>";
		};
		19C6636329AE6D4D005396EA /* GameObjects */ = {
			isa = PBXGroup;
			children = (
				192D580E29AEAE9D00A152D2 /* Landscape */,
				192D580C29AE98BE00A152D2 /* Portrait */,
			);
			path = GameObjects;
			sourceTree = "<group>";
		};
		19C6636829AE6D4D005396EA /* Core */ = {
			isa = PBXGroup;
			children = (
				19C6636929AE6D4D005396EA /* GameProtocol.swift */,
				19C6636A29AE6D4D005396EA /* GameObject.swift */,
				19C6636B29AE6D4D005396EA /* Layer.swift */,
			);
			path = Core;
			sourceTree = "<group>";
		};
/* End PBXGroup section */

/* Begin PBXNativeTarget section */
		19C6632829AE6D29005396EA /* MAPD724-W2023-MidTerm-301252385 */ = {
			isa = PBXNativeTarget;
			buildConfigurationList = 19C6634029AE6D2A005396EA /* Build configuration list for PBXNativeTarget "MAPD724-W2023-MidTerm-301252385" */;
			buildPhases = (
				19C6632529AE6D29005396EA /* Sources */,
				19C6632629AE6D29005396EA /* Frameworks */,
				19C6632729AE6D29005396EA /* Resources */,
			);
			buildRules = (
			);
			dependencies = (
			);
			name = "MAPD724-W2023-MidTerm-301252385";
			productName = "MAPD724-W2023-MidTerm-301252385";
			productReference = 19C6632929AE6D29005396EA /* MAPD724-W2023-MidTerm-301252385.app */;
			productType = "com.apple.product-type.application";
		};
/* End PBXNativeTarget section */

/* Begin PBXProject section */
		19C6632129AE6D29005396EA /* Project object */ = {
			isa = PBXProject;
			attributes = {
				BuildIndependentTargetsInParallel = 1;
				LastSwiftUpdateCheck = 1420;
				LastUpgradeCheck = 1420;
				TargetAttributes = {
					19C6632829AE6D29005396EA = {
						CreatedOnToolsVersion = 14.2;
					};
				};
			};
			buildConfigurationList = 19C6632429AE6D29005396EA /* Build configuration list for PBXProject "MAPD724-W2023-MidTerm-301252385" */;
			compatibilityVersion = "Xcode 14.0";
			developmentRegion = en;
			hasScannedForEncodings = 0;
			knownRegions = (
				en,
				Base,
			);
			mainGroup = 19C6632029AE6D29005396EA;
			productRefGroup = 19C6632A29AE6D29005396EA /* Products */;
			projectDirPath = "";
			projectRoot = "";
			targets = (
				19C6632829AE6D29005396EA /* MAPD724-W2023-MidTerm-301252385 */,
			);
		};
/* End PBXProject section */

/* Begin PBXResourcesBuildPhase section */
		19C6632729AE6D29005396EA /* Resources */ = {
			isa = PBXResourcesBuildPhase;
			buildActionMask = 2147483647;
			files = (
				19C6637229AE6D4D005396EA /* EndScene.sks in Resources */,
				19C6637E29AE6D4D005396EA /* startButton.png in Resources */,
				19C6638429AE6D4D005396EA /* yay.mp3 in Resources */,
				19C6637A29AE6D4D005396EA /* ocean.gif in Resources */,
				19C6637529AE6D4D005396EA /* plane2.png in Resources */,
				192D581D29AEB50D00A152D2 /* planeRight.png in Resources */,
				19C6637F29AE6D4D005396EA /* thunder.ogg in Resources */,
				19C6637B29AE6D4D005396EA /* cloud.png in Resources */,
				19C6633829AE6D29005396EA /* Main.storyboard in Resources */,
				19C6638129AE6D4D005396EA /* engine.ogg in Resources */,
				19C6637429AE6D4D005396EA /* plane3.png in Resources */,
				19C6638529AE6D4D005396EA /* Dock51.ttf in Resources */,
				19C6633A29AE6D2A005396EA /* Assets.xcassets in Resources */,
				19C6638329AE6D4D005396EA /* thunder.mp3 in Resources */,
				19C6637829AE6D4D005396EA /* plane.png in Resources */,
				19C6636F29AE6D4D005396EA /* StartScene.sks in Resources */,
				19C6638029AE6D4D005396EA /* yay.ogg in Resources */,
				19C6637629AE6D4D005396EA /* plane1.png in Resources */,
				192D581B29AEB3B000A152D2 /* GameLandscapeScene.sks in Resources */,
				19C6637029AE6D4D005396EA /* GamePortraitScene.sks in Resources */,
				19C6638229AE6D4D005396EA /* engine.mp3 in Resources */,
				19C6633D29AE6D2A005396EA /* LaunchScreen.storyboard in Resources */,
				19C6637C29AE6D4D005396EA /* nextButton.png in Resources */,
				192D581F29AEC79200A152D2 /* oceanLandscape.png in Resources */,
				19C6637729AE6D4D005396EA /* backButton.png in Resources */,
				19C6637929AE6D4D005396EA /* island.png in Resources */,
				19C6637D29AE6D4D005396EA /* ocean.png in Resources */,
			);
			runOnlyForDeploymentPostprocessing = 0;
		};
/* End PBXResourcesBuildPhase section */

/* Begin PBXSourcesBuildPhase section */
		19C6632529AE6D29005396EA /* Sources */ = {
			isa = PBXSourcesBuildPhase;
			buildActionMask = 2147483647;
			files = (
				192D581629AEB2F600A152D2 /* PlayerLandscape.swift in Sources */,
				19C6636E29AE6D4D005396EA /* EndScene.swift in Sources */,
				192D581229AEB2A300A152D2 /* CloudLandscape.swift in Sources */,
				19C6636C29AE6D4D005396EA /* ScoreManager.swift in Sources */,
				19C6638B29AE6D4D005396EA /* GameObject.swift in Sources */,
				192D581929AEB33300A152D2 /* GameLandscapeScene.swift in Sources */,
				19C6638629AE6D4D005396EA /* IslandPortrait.swift in Sources */,
				19C6638A29AE6D4D005396EA /* GameProtocol.swift in Sources */,
				19C6638929AE6D4D005396EA /* PlayerPortrait.swift in Sources */,
				19C6636D29AE6D4D005396EA /* CollisionManager.swift in Sources */,
				19C6638729AE6D4D005396EA /* CloudPortrait.swift in Sources */,
				192D581429AEB2D900A152D2 /* OceanLandscape.swift in Sources */,
				192D581029AEB1FF00A152D2 /* IslandLandscape.swift in Sources */,
				19C6633529AE6D29005396EA /* GameViewController.swift in Sources */,
				19C6637129AE6D4D005396EA /* GamePortraitScene.swift in Sources */,
				19C6632D29AE6D29005396EA /* AppDelegate.swift in Sources */,
				19C6638C29AE6D4D005396EA /* Layer.swift in Sources */,
				19C6637329AE6D4D005396EA /* StartScene.swift in Sources */,
				19C6638829AE6D4D005396EA /* OceanPortrait.swift in Sources */,
			);
			runOnlyForDeploymentPostprocessing = 0;
		};
/* End PBXSourcesBuildPhase section */

/* Begin PBXVariantGroup section */
		19C6633629AE6D29005396EA /* Main.storyboard */ = {
			isa = PBXVariantGroup;
			children = (
				19C6633729AE6D29005396EA /* Base */,
			);
			name = Main.storyboard;
			sourceTree = "<group>";
		};
		19C6633B29AE6D2A005396EA /* LaunchScreen.storyboard */ = {
			isa = PBXVariantGroup;
			children = (
				19C6633C29AE6D2A005396EA /* Base */,
			);
			name = LaunchScreen.storyboard;
			sourceTree = "<group>";
		};
/* End PBXVariantGroup section */

/* Begin XCBuildConfiguration section */
		19C6633E29AE6D2A005396EA /* Debug */ = {
			isa = XCBuildConfiguration;
			buildSettings = {
				ALWAYS_SEARCH_USER_PATHS = NO;
				CLANG_ANALYZER_NONNULL = YES;
				CLANG_ANALYZER_NUMBER_OBJECT_CONVERSION = YES_AGGRESSIVE;
				CLANG_CXX_LANGUAGE_STANDARD = "gnu++20";
				CLANG_ENABLE_MODULES = YES;
				CLANG_ENABLE_OBJC_ARC = YES;
				CLANG_ENABLE_OBJC_WEAK = YES;
				CLANG_WARN_BLOCK_CAPTURE_AUTORELEASING = YES;
				CLANG_WARN_BOOL_CONVERSION = YES;
				CLANG_WARN_COMMA = YES;
				CLANG_WARN_CONSTANT_CONVERSION = YES;
				CLANG_WARN_DEPRECATED_OBJC_IMPLEMENTATIONS = YES;
				CLANG_WARN_DIRECT_OBJC_ISA_USAGE = YES_ERROR;
				CLANG_WARN_DOCUMENTATION_COMMENTS = YES;
				CLANG_WARN_EMPTY_BODY = YES;
				CLANG_WARN_ENUM_CONVERSION = YES;
				CLANG_WARN_INFINITE_RECURSION = YES;
				CLANG_WARN_INT_CONVERSION = YES;
				CLANG_WARN_NON_LITERAL_NULL_CONVERSION = YES;
				CLANG_WARN_OBJC_IMPLICIT_RETAIN_SELF = YES;
				CLANG_WARN_OBJC_LITERAL_CONVERSION = YES;
				CLANG_WARN_OBJC_ROOT_CLASS = YES_ERROR;
				CLANG_WARN_QUOTED_INCLUDE_IN_FRAMEWORK_HEADER = YES;
				CLANG_WARN_RANGE_LOOP_ANALYSIS = YES;
				CLANG_WARN_STRICT_PROTOTYPES = YES;
				CLANG_WARN_SUSPICIOUS_MOVE = YES;
				CLANG_WARN_UNGUARDED_AVAILABILITY = YES_AGGRESSIVE;
				CLANG_WARN_UNREACHABLE_CODE = YES;
				CLANG_WARN__DUPLICATE_METHOD_MATCH = YES;
				COPY_PHASE_STRIP = NO;
				DEBUG_INFORMATION_FORMAT = dwarf;
				ENABLE_STRICT_OBJC_MSGSEND = YES;
				ENABLE_TESTABILITY = YES;
				GCC_C_LANGUAGE_STANDARD = gnu11;
				GCC_DYNAMIC_NO_PIC = NO;
				GCC_NO_COMMON_BLOCKS = YES;
				GCC_OPTIMIZATION_LEVEL = 0;
				GCC_PREPROCESSOR_DEFINITIONS = (
					"DEBUG=1",
					"$(inherited)",
				);
				GCC_WARN_64_TO_32_BIT_CONVERSION = YES;
				GCC_WARN_ABOUT_RETURN_TYPE = YES_ERROR;
				GCC_WARN_UNDECLARED_SELECTOR = YES;
				GCC_WARN_UNINITIALIZED_AUTOS = YES_AGGRESSIVE;
				GCC_WARN_UNUSED_FUNCTION = YES;
				GCC_WARN_UNUSED_VARIABLE = YES;
				IPHONEOS_DEPLOYMENT_TARGET = 16.2;
				MTL_ENABLE_DEBUG_INFO = INCLUDE_SOURCE;
				MTL_FAST_MATH = YES;
				ONLY_ACTIVE_ARCH = YES;
				SDKROOT = iphoneos;
				SWIFT_ACTIVE_COMPILATION_CONDITIONS = DEBUG;
				SWIFT_OPTIMIZATION_LEVEL = "-Onone";
			};
			name = Debug;
		};
		19C6633F29AE6D2A005396EA /* Release */ = {
			isa = XCBuildConfiguration;
			buildSettings = {
				ALWAYS_SEARCH_USER_PATHS = NO;
				CLANG_ANALYZER_NONNULL = YES;
				CLANG_ANALYZER_NUMBER_OBJECT_CONVERSION = YES_AGGRESSIVE;
				CLANG_CXX_LANGUAGE_STANDARD = "gnu++20";
				CLANG_ENABLE_MODULES = YES;
				CLANG_ENABLE_OBJC_ARC = YES;
				CLANG_ENABLE_OBJC_WEAK = YES;
				CLANG_WARN_BLOCK_CAPTURE_AUTORELEASING = YES;
				CLANG_WARN_BOOL_CONVERSION = YES;
				CLANG_WARN_COMMA = YES;
				CLANG_WARN_CONSTANT_CONVERSION = YES;
				CLANG_WARN_DEPRECATED_OBJC_IMPLEMENTATIONS = YES;
				CLANG_WARN_DIRECT_OBJC_ISA_USAGE = YES_ERROR;
				CLANG_WARN_DOCUMENTATION_COMMENTS = YES;
				CLANG_WARN_EMPTY_BODY = YES;
				CLANG_WARN_ENUM_CONVERSION = YES;
				CLANG_WARN_INFINITE_RECURSION = YES;
				CLANG_WARN_INT_CONVERSION = YES;
				CLANG_WARN_NON_LITERAL_NULL_CONVERSION = YES;
				CLANG_WARN_OBJC_IMPLICIT_RETAIN_SELF = YES;
				CLANG_WARN_OBJC_LITERAL_CONVERSION = YES;
				CLANG_WARN_OBJC_ROOT_CLASS = YES_ERROR;
				CLANG_WARN_QUOTED_INCLUDE_IN_FRAMEWORK_HEADER = YES;
				CLANG_WARN_RANGE_LOOP_ANALYSIS = YES;
				CLANG_WARN_STRICT_PROTOTYPES = YES;
				CLANG_WARN_SUSPICIOUS_MOVE = YES;
				CLANG_WARN_UNGUARDED_AVAILABILITY = YES_AGGRESSIVE;
				CLANG_WARN_UNREACHABLE_CODE = YES;
				CLANG_WARN__DUPLICATE_METHOD_MATCH = YES;
				COPY_PHASE_STRIP = NO;
				DEBUG_INFORMATION_FORMAT = "dwarf-with-dsym";
				ENABLE_NS_ASSERTIONS = NO;
				ENABLE_STRICT_OBJC_MSGSEND = YES;
				GCC_C_LANGUAGE_STANDARD = gnu11;
				GCC_NO_COMMON_BLOCKS = YES;
				GCC_WARN_64_TO_32_BIT_CONVERSION = YES;
				GCC_WARN_ABOUT_RETURN_TYPE = YES_ERROR;
				GCC_WARN_UNDECLARED_SELECTOR = YES;
				GCC_WARN_UNINITIALIZED_AUTOS = YES_AGGRESSIVE;
				GCC_WARN_UNUSED_FUNCTION = YES;
				GCC_WARN_UNUSED_VARIABLE = YES;
				IPHONEOS_DEPLOYMENT_TARGET = 16.2;
				MTL_ENABLE_DEBUG_INFO = NO;
				MTL_FAST_MATH = YES;
				SDKROOT = iphoneos;
				SWIFT_COMPILATION_MODE = wholemodule;
				SWIFT_OPTIMIZATION_LEVEL = "-O";
				VALIDATE_PRODUCT = YES;
			};
			name = Release;
		};
		19C6634129AE6D2A005396EA /* Debug */ = {
			isa = XCBuildConfiguration;
			buildSettings = {
				ASSETCATALOG_COMPILER_APPICON_NAME = AppIcon;
				ASSETCATALOG_COMPILER_GLOBAL_ACCENT_COLOR_NAME = AccentColor;
				CODE_SIGN_STYLE = Automatic;
				CURRENT_PROJECT_VERSION = 1;
				GENERATE_INFOPLIST_FILE = YES;
				INFOPLIST_KEY_UIApplicationSupportsIndirectInputEvents = YES;
				INFOPLIST_KEY_UILaunchStoryboardName = LaunchScreen;
				INFOPLIST_KEY_UIMainStoryboardFile = Main;
				INFOPLIST_KEY_UIStatusBarHidden = YES;
				INFOPLIST_KEY_UISupportedInterfaceOrientations_iPad = "UIInterfaceOrientationPortrait UIInterfaceOrientationPortraitUpsideDown UIInterfaceOrientationLandscapeLeft UIInterfaceOrientationLandscapeRight";
				INFOPLIST_KEY_UISupportedInterfaceOrientations_iPhone = "UIInterfaceOrientationPortrait UIInterfaceOrientationLandscapeLeft UIInterfaceOrientationLandscapeRight";
				LD_RUNPATH_SEARCH_PATHS = (
					"$(inherited)",
					"@executable_path/Frameworks",
				);
				MARKETING_VERSION = 1.0;
				PRODUCT_BUNDLE_IDENTIFIER = "ca.centennialcollege.MAPD724-W2023-MidTerm-301252385";
				PRODUCT_NAME = "$(TARGET_NAME)";
				SWIFT_EMIT_LOC_STRINGS = YES;
				SWIFT_VERSION = 5.0;
				TARGETED_DEVICE_FAMILY = "1,2";
			};
			name = Debug;
		};
		19C6634229AE6D2A005396EA /* Release */ = {
			isa = XCBuildConfiguration;
			buildSettings = {
				ASSETCATALOG_COMPILER_APPICON_NAME = AppIcon;
				ASSETCATALOG_COMPILER_GLOBAL_ACCENT_COLOR_NAME = AccentColor;
				CODE_SIGN_STYLE = Automatic;
				CURRENT_PROJECT_VERSION = 1;
				GENERATE_INFOPLIST_FILE = YES;
				INFOPLIST_KEY_UIApplicationSupportsIndirectInputEvents = YES;
				INFOPLIST_KEY_UILaunchStoryboardName = LaunchScreen;
				INFOPLIST_KEY_UIMainStoryboardFile = Main;
				INFOPLIST_KEY_UIStatusBarHidden = YES;
				INFOPLIST_KEY_UISupportedInterfaceOrientations_iPad = "UIInterfaceOrientationPortrait UIInterfaceOrientationPortraitUpsideDown UIInterfaceOrientationLandscapeLeft UIInterfaceOrientationLandscapeRight";
				INFOPLIST_KEY_UISupportedInterfaceOrientations_iPhone = "UIInterfaceOrientationPortrait UIInterfaceOrientationLandscapeLeft UIInterfaceOrientationLandscapeRight";
				LD_RUNPATH_SEARCH_PATHS = (
					"$(inherited)",
					"@executable_path/Frameworks",
				);
				MARKETING_VERSION = 1.0;
				PRODUCT_BUNDLE_IDENTIFIER = "ca.centennialcollege.MAPD724-W2023-MidTerm-301252385";
				PRODUCT_NAME = "$(TARGET_NAME)";
				SWIFT_EMIT_LOC_STRINGS = YES;
				SWIFT_VERSION = 5.0;
				TARGETED_DEVICE_FAMILY = "1,2";
			};
			name = Release;
		};
/* End XCBuildConfiguration section */

/* Begin XCConfigurationList section */
		19C6632429AE6D29005396EA /* Build configuration list for PBXProject "MAPD724-W2023-MidTerm-301252385" */ = {
			isa = XCConfigurationList;
			buildConfigurations = (
				19C6633E29AE6D2A005396EA /* Debug */,
				19C6633F29AE6D2A005396EA /* Release */,
			);
			defaultConfigurationIsVisible = 0;
			defaultConfigurationName = Release;
		};
		19C6634029AE6D2A005396EA /* Build configuration list for PBXNativeTarget "MAPD724-W2023-MidTerm-301252385" */ = {
			isa = XCConfigurationList;
			buildConfigurations = (
				19C6634129AE6D2A005396EA /* Debug */,
				19C6634229AE6D2A005396EA /* Release */,
			);
			defaultConfigurationIsVisible = 0;
			defaultConfigurationName = Release;
		};
/* End XCConfigurationList section */
	};
	rootObject = 19C6632129AE6D29005396EA /* Project object */;
}
